
Microsoft Visual Studio Solution File, Format Version 12.00
# Visual Studio Version 16
VisualStudioVersion = 16.0.30717.126
MinimumVisualStudioVersion = 10.0.40219.1
Project("{FAE04EC0-301F-11D3-BF4B-00C04F79EFBC}") = "NET_Mastermind", "NET_Mastermind.csproj", "{411696E0-51FC-482F-BD7D-BB7CEC17F16A}"
EndProject
Global
	GlobalSection(SolutionConfigurationPlatforms) = preSolution
		Debug|Any CPU = Debug|Any CPU
		Release|Any CPU = Release|Any CPU
	EndGlobalSection
	GlobalSection(ProjectConfigurationPlatforms) = postSolution
		{411696E0-51FC-482F-BD7D-BB7CEC17F16A}.Debug|Any CPU.ActiveCfg = Debug|Any CPU
		{411696E0-51FC-482F-BD7D-BB7CEC17F16A}.Debug|Any CPU.Build.0 = Debug|Any CPU
		{411696E0-51FC-482F-BD7D-BB7CEC17F16A}.Release|Any CPU.ActiveCfg = Release|Any CPU
		{411696E0-51FC-482F-BD7D-BB7CEC17F16A}.Release|Any CPU.Build.0 = Release|Any CPU
	EndGlobalSection
	GlobalSection(SolutionProperties) = preSolution
		HideSolutionNode = FALSE
	EndGlobalSection
	GlobalSection(ExtensibilityGlobals) = postSolution
		SolutionGuid = {4FF908A4-7A71-45E0-A365-5DB4A93E3C80}
	EndGlobalSection
EndGlobal
